
Microsoft Visual Studio Solution File, Format Version 12.00
# Visual Studio Version 17
VisualStudioVersion = 17.5.002.0
MinimumVisualStudioVersion = 10.0.40219.1
Project("{2150E333-8FDC-42A3-9474-1A3956D46DE8}") = "csharp-prep", "csharp-prep", "{CE24C50A-B075-4B2D-AF22-43339433DCCA}"
EndProject
Project("{9A19103F-16F7-4668-BE54-9A1E7A4F7556}") = "Prep1", "csharp-prep\Prep1\Prep1.csproj", "{A9EBE0DD-A923-4803-9A80-731E539D3B26}"
EndProject
Project("{9A19103F-16F7-4668-BE54-9A1E7A4F7556}") = "Prep2", "csharp-prep\Prep2\Prep2.csproj", "{FD80CD3A-0A1B-4E85-8FF7-DC8904105A6B}"
EndProject
Project("{9A19103F-16F7-4668-BE54-9A1E7A4F7556}") = "Prep3", "csharp-prep\Prep3\Prep3.csproj", "{03099698-036F-45E3-85BF-12E162F4CA0C}"
EndProject
Project("{9A19103F-16F7-4668-BE54-9A1E7A4F7556}") = "Prep4", "csharp-prep\Prep4\Prep4.csproj", "{606C53DA-4567-4F83-ACF6-663F51265822}"
EndProject
Project("{9A19103F-16F7-4668-BE54-9A1E7A4F7556}") = "Prep5", "csharp-prep\Prep5\Prep5.csproj", "{7B555CE0-A56D-4496-9D34-ED11AA75AD16}"
EndProject
Project("{2150E333-8FDC-42A3-9474-1A3956D46DE8}") = "final", "final", "{A9CCB54A-3FCE-40C6-B583-285B54789E26}"
EndProject
Project("{9A19103F-16F7-4668-BE54-9A1E7A4F7556}") = "FinalProject", "final\FinalProject\FinalProject.csproj", "{41F8F499-D503-4E37-85A9-9FB595A6CAD1}"
EndProject
Project("{9A19103F-16F7-4668-BE54-9A1E7A4F7556}") = "Foundation1", "final\Foundation1\Foundation1.csproj", "{4C8ABFF2-11F2-4381-A407-B8064D55BB80}"
EndProject
Project("{9A19103F-16F7-4668-BE54-9A1E7A4F7556}") = "Foundation2", "final\Foundation2\Foundation2.csproj", "{EFD164A6-F2B6-4F59-867B-21374908DD40}"
EndProject
Project("{9A19103F-16F7-4668-BE54-9A1E7A4F7556}") = "Foundation3", "final\Foundation3\Foundation3.csproj", "{B61E84B8-EFDF-4121-AE9A-2A7E172886AE}"
EndProject
Project("{9A19103F-16F7-4668-BE54-9A1E7A4F7556}") = "Foundation4", "final\Foundation4\Foundation4.csproj", "{7AA0E35F-2A0E-4B00-B408-8199A1AD58D7}"
EndProject
Project("{2150E333-8FDC-42A3-9474-1A3956D46DE8}") = "prepare", "prepare", "{20BBCDE7-EFBF-4842-B8A9-92BDD888EFBB}"
EndProject
Project("{9A19103F-16F7-4668-BE54-9A1E7A4F7556}") = "Learning02", "prepare\Learning02\Learning02.csproj", "{A9C2A8EB-4A59-4858-8443-9F9B2BD2432F}"
EndProject
Project("{9A19103F-16F7-4668-BE54-9A1E7A4F7556}") = "Learning03", "prepare\Learning03\Learning03.csproj", "{5D840912-DF04-4FEC-BAFD-69B23F9D36D6}"
EndProject
Project("{9A19103F-16F7-4668-BE54-9A1E7A4F7556}") = "Learning04", "prepare\Learning04\Learning04.csproj", "{584A45DA-495D-4E86-A62F-09EF429EEB1A}"
EndProject
Project("{9A19103F-16F7-4668-BE54-9A1E7A4F7556}") = "Learning05", "prepare\Learning05\Learning05.csproj", "{713A4C59-AF63-44A3-A6FF-D8004B75D122}"
EndProject
Project("{2150E333-8FDC-42A3-9474-1A3956D46DE8}") = "prove", "prove", "{6675DA59-8114-4D00-A5AE-5EE75B3B0156}"
EndProject
Project("{9A19103F-16F7-4668-BE54-9A1E7A4F7556}") = "Develop02", "prove\Develop02\Develop02.csproj", "{00FCEDC0-2173-4C14-8D5F-A1F783A5FDB5}"
EndProject
Project("{9A19103F-16F7-4668-BE54-9A1E7A4F7556}") = "Develop03", "prove\Develop03\Develop03.csproj", "{B2F7A63D-F3F0-4190-88E0-0A52BA4C0C4E}"
EndProject
Project("{9A19103F-16F7-4668-BE54-9A1E7A4F7556}") = "Develop04", "prove\Develop04\Develop04.csproj", "{ED41714D-FB55-4176-A11E-2DBB18510468}"
EndProject
Project("{9A19103F-16F7-4668-BE54-9A1E7A4F7556}") = "Develop05", "prove\Develop05\Develop05.csproj", "{9631EE72-CB8C-4F2D-952F-EA264610E288}"
EndProject
Project("{2150E333-8FDC-42A3-9474-1A3956D46DE8}") = "sandbox", "sandbox", "{D979AB57-0EB6-47B5-9814-786E6FDBB975}"
EndProject
Project("{9A19103F-16F7-4668-BE54-9A1E7A4F7556}") = "Sandbox", "sandbox\Sandbox\Sandbox.csproj", "{26259D6C-246C-4CFD-942A-844642603C7F}"
EndProject
Global
	GlobalSection(SolutionConfigurationPlatforms) = preSolution
		Debug|Any CPU = Debug|Any CPU
		Release|Any CPU = Release|Any CPU
	EndGlobalSection
	GlobalSection(ProjectConfigurationPlatforms) = postSolution
		{A9EBE0DD-A923-4803-9A80-731E539D3B26}.Debug|Any CPU.ActiveCfg = Debug|Any CPU
		{A9EBE0DD-A923-4803-9A80-731E539D3B26}.Debug|Any CPU.Build.0 = Debug|Any CPU
		{A9EBE0DD-A923-4803-9A80-731E539D3B26}.Release|Any CPU.ActiveCfg = Release|Any CPU
		{A9EBE0DD-A923-4803-9A80-731E539D3B26}.Release|Any CPU.Build.0 = Release|Any CPU
		{FD80CD3A-0A1B-4E85-8FF7-DC8904105A6B}.Debug|Any CPU.ActiveCfg = Debug|Any CPU
		{FD80CD3A-0A1B-4E85-8FF7-DC8904105A6B}.Debug|Any CPU.Build.0 = Debug|Any CPU
		{FD80CD3A-0A1B-4E85-8FF7-DC8904105A6B}.Release|Any CPU.ActiveCfg = Release|Any CPU
		{FD80CD3A-0A1B-4E85-8FF7-DC8904105A6B}.Release|Any CPU.Build.0 = Release|Any CPU
		{03099698-036F-45E3-85BF-12E162F4CA0C}.Debug|Any CPU.ActiveCfg = Debug|Any CPU
		{03099698-036F-45E3-85BF-12E162F4CA0C}.Debug|Any CPU.Build.0 = Debug|Any CPU
		{03099698-036F-45E3-85BF-12E162F4CA0C}.Release|Any CPU.ActiveCfg = Release|Any CPU
		{03099698-036F-45E3-85BF-12E162F4CA0C}.Release|Any CPU.Build.0 = Release|Any CPU
		{606C53DA-4567-4F83-ACF6-663F51265822}.Debug|Any CPU.ActiveCfg = Debug|Any CPU
		{606C53DA-4567-4F83-ACF6-663F51265822}.Debug|Any CPU.Build.0 = Debug|Any CPU
		{606C53DA-4567-4F83-ACF6-663F51265822}.Release|Any CPU.ActiveCfg = Release|Any CPU
		{606C53DA-4567-4F83-ACF6-663F51265822}.Release|Any CPU.Build.0 = Release|Any CPU
		{7B555CE0-A56D-4496-9D34-ED11AA75AD16}.Debug|Any CPU.ActiveCfg = Debug|Any CPU
		{7B555CE0-A56D-4496-9D34-ED11AA75AD16}.Debug|Any CPU.Build.0 = Debug|Any CPU
		{7B555CE0-A56D-4496-9D34-ED11AA75AD16}.Release|Any CPU.ActiveCfg = Release|Any CPU
		{7B555CE0-A56D-4496-9D34-ED11AA75AD16}.Release|Any CPU.Build.0 = Release|Any CPU
		{41F8F499-D503-4E37-85A9-9FB595A6CAD1}.Debug|Any CPU.ActiveCfg = Debug|Any CPU
		{41F8F499-D503-4E37-85A9-9FB595A6CAD1}.Debug|Any CPU.Build.0 = Debug|Any CPU
		{41F8F499-D503-4E37-85A9-9FB595A6CAD1}.Release|Any CPU.ActiveCfg = Release|Any CPU
		{41F8F499-D503-4E37-85A9-9FB595A6CAD1}.Release|Any CPU.Build.0 = Release|Any CPU
		{4C8ABFF2-11F2-4381-A407-B8064D55BB80}.Debug|Any CPU.ActiveCfg = Debug|Any CPU
		{4C8ABFF2-11F2-4381-A407-B8064D55BB80}.Debug|Any CPU.Build.0 = Debug|Any CPU
		{4C8ABFF2-11F2-4381-A407-B8064D55BB80}.Release|Any CPU.ActiveCfg = Release|Any CPU
		{4C8ABFF2-11F2-4381-A407-B8064D55BB80}.Release|Any CPU.Build.0 = Release|Any CPU
		{EFD164A6-F2B6-4F59-867B-21374908DD40}.Debug|Any CPU.ActiveCfg = Debug|Any CPU
		{EFD164A6-F2B6-4F59-867B-21374908DD40}.Debug|Any CPU.Build.0 = Debug|Any CPU
		{EFD164A6-F2B6-4F59-867B-21374908DD40}.Release|Any CPU.ActiveCfg = Release|Any CPU
		{EFD164A6-F2B6-4F59-867B-21374908DD40}.Release|Any CPU.Build.0 = Release|Any CPU
		{B61E84B8-EFDF-4121-AE9A-2A7E172886AE}.Debug|Any CPU.ActiveCfg = Debug|Any CPU
		{B61E84B8-EFDF-4121-AE9A-2A7E172886AE}.Debug|Any CPU.Build.0 = Debug|Any CPU
		{B61E84B8-EFDF-4121-AE9A-2A7E172886AE}.Release|Any CPU.ActiveCfg = Release|Any CPU
		{B61E84B8-EFDF-4121-AE9A-2A7E172886AE}.Release|Any CPU.Build.0 = Release|Any CPU
		{7AA0E35F-2A0E-4B00-B408-8199A1AD58D7}.Debug|Any CPU.ActiveCfg = Debug|Any CPU
		{7AA0E35F-2A0E-4B00-B408-8199A1AD58D7}.Debug|Any CPU.Build.0 = Debug|Any CPU
		{7AA0E35F-2A0E-4B00-B408-8199A1AD58D7}.Release|Any CPU.ActiveCfg = Release|Any CPU
		{7AA0E35F-2A0E-4B00-B408-8199A1AD58D7}.Release|Any CPU.Build.0 = Release|Any CPU
		{A9C2A8EB-4A59-4858-8443-9F9B2BD2432F}.Debug|Any CPU.ActiveCfg = Debug|Any CPU
		{A9C2A8EB-4A59-4858-8443-9F9B2BD2432F}.Debug|Any CPU.Build.0 = Debug|Any CPU
		{A9C2A8EB-4A59-4858-8443-9F9B2BD2432F}.Release|Any CPU.ActiveCfg = Release|Any CPU
		{A9C2A8EB-4A59-4858-8443-9F9B2BD2432F}.Release|Any CPU.Build.0 = Release|Any CPU
		{5D840912-DF04-4FEC-BAFD-69B23F9D36D6}.Debug|Any CPU.ActiveCfg = Debug|Any CPU
		{5D840912-DF04-4FEC-BAFD-69B23F9D36D6}.Debug|Any CPU.Build.0 = Debug|Any CPU
		{5D840912-DF04-4FEC-BAFD-69B23F9D36D6}.Release|Any CPU.ActiveCfg = Release|Any CPU
		{5D840912-DF04-4FEC-BAFD-69B23F9D36D6}.Release|Any CPU.Build.0 = Release|Any CPU
		{584A45DA-495D-4E86-A62F-09EF429EEB1A}.Debug|Any CPU.ActiveCfg = Debug|Any CPU
		{584A45DA-495D-4E86-A62F-09EF429EEB1A}.Debug|Any CPU.Build.0 = Debug|Any CPU
		{584A45DA-495D-4E86-A62F-09EF429EEB1A}.Release|Any CPU.ActiveCfg = Release|Any CPU
		{584A45DA-495D-4E86-A62F-09EF429EEB1A}.Release|Any CPU.Build.0 = Release|Any CPU
		{713A4C59-AF63-44A3-A6FF-D8004B75D122}.Debug|Any CPU.ActiveCfg = Debug|Any CPU
		{713A4C59-AF63-44A3-A6FF-D8004B75D122}.Debug|Any CPU.Build.0 = Debug|Any CPU
		{713A4C59-AF63-44A3-A6FF-D8004B75D122}.Release|Any CPU.ActiveCfg = Release|Any CPU
		{713A4C59-AF63-44A3-A6FF-D8004B75D122}.Release|Any CPU.Build.0 = Release|Any CPU
		{00FCEDC0-2173-4C14-8D5F-A1F783A5FDB5}.Debug|Any CPU.ActiveCfg = Debug|Any CPU
		{00FCEDC0-2173-4C14-8D5F-A1F783A5FDB5}.Debug|Any CPU.Build.0 = Debug|Any CPU
		{00FCEDC0-2173-4C14-8D5F-A1F783A5FDB5}.Release|Any CPU.ActiveCfg = Release|Any CPU
		{00FCEDC0-2173-4C14-8D5F-A1F783A5FDB5}.Release|Any CPU.Build.0 = Release|Any CPU
		{B2F7A63D-F3F0-4190-88E0-0A52BA4C0C4E}.Debug|Any CPU.ActiveCfg = Debug|Any CPU
		{B2F7A63D-F3F0-4190-88E0-0A52BA4C0C4E}.Debug|Any CPU.Build.0 = Debug|Any CPU
		{B2F7A63D-F3F0-4190-88E0-0A52BA4C0C4E}.Release|Any CPU.ActiveCfg = Release|Any CPU
		{B2F7A63D-F3F0-4190-88E0-0A52BA4C0C4E}.Release|Any CPU.Build.0 = Release|Any CPU
		{ED41714D-FB55-4176-A11E-2DBB18510468}.Debug|Any CPU.ActiveCfg = Debug|Any CPU
		{ED41714D-FB55-4176-A11E-2DBB18510468}.Debug|Any CPU.Build.0 = Debug|Any CPU
		{ED41714D-FB55-4176-A11E-2DBB18510468}.Release|Any CPU.ActiveCfg = Release|Any CPU
		{ED41714D-FB55-4176-A11E-2DBB18510468}.Release|Any CPU.Build.0 = Release|Any CPU
		{9631EE72-CB8C-4F2D-952F-EA264610E288}.Debug|Any CPU.ActiveCfg = Debug|Any CPU
		{9631EE72-CB8C-4F2D-952F-EA264610E288}.Debug|Any CPU.Build.0 = Debug|Any CPU
		{9631EE72-CB8C-4F2D-952F-EA264610E288}.Release|Any CPU.ActiveCfg = Release|Any CPU
		{9631EE72-CB8C-4F2D-952F-EA264610E288}.Release|Any CPU.Build.0 = Release|Any CPU
		{26259D6C-246C-4CFD-942A-844642603C7F}.Debug|Any CPU.ActiveCfg = Debug|Any CPU
		{26259D6C-246C-4CFD-942A-844642603C7F}.Debug|Any CPU.Build.0 = Debug|Any CPU
		{26259D6C-246C-4CFD-942A-844642603C7F}.Release|Any CPU.ActiveCfg = Release|Any CPU
		{26259D6C-246C-4CFD-942A-844642603C7F}.Release|Any CPU.Build.0 = Release|Any CPU
	EndGlobalSection
	GlobalSection(SolutionProperties) = preSolution
		HideSolutionNode = FALSE
	EndGlobalSection
	GlobalSection(NestedProjects) = preSolution
		{A9EBE0DD-A923-4803-9A80-731E539D3B26} = {CE24C50A-B075-4B2D-AF22-43339433DCCA}
		{FD80CD3A-0A1B-4E85-8FF7-DC8904105A6B} = {CE24C50A-B075-4B2D-AF22-43339433DCCA}
		{03099698-036F-45E3-85BF-12E162F4CA0C} = {CE24C50A-B075-4B2D-AF22-43339433DCCA}
		{606C53DA-4567-4F83-ACF6-663F51265822} = {CE24C50A-B075-4B2D-AF22-43339433DCCA}
		{7B555CE0-A56D-4496-9D34-ED11AA75AD16} = {CE24C50A-B075-4B2D-AF22-43339433DCCA}
		{41F8F499-D503-4E37-85A9-9FB595A6CAD1} = {A9CCB54A-3FCE-40C6-B583-285B54789E26}
		{4C8ABFF2-11F2-4381-A407-B8064D55BB80} = {A9CCB54A-3FCE-40C6-B583-285B54789E26}
		{EFD164A6-F2B6-4F59-867B-21374908DD40} = {A9CCB54A-3FCE-40C6-B583-285B54789E26}
		{B61E84B8-EFDF-4121-AE9A-2A7E172886AE} = {A9CCB54A-3FCE-40C6-B583-285B54789E26}
		{7AA0E35F-2A0E-4B00-B408-8199A1AD58D7} = {A9CCB54A-3FCE-40C6-B583-285B54789E26}
		{A9C2A8EB-4A59-4858-8443-9F9B2BD2432F} = {20BBCDE7-EFBF-4842-B8A9-92BDD888EFBB}
		{5D840912-DF04-4FEC-BAFD-69B23F9D36D6} = {20BBCDE7-EFBF-4842-B8A9-92BDD888EFBB}
		{584A45DA-495D-4E86-A62F-09EF429EEB1A} = {20BBCDE7-EFBF-4842-B8A9-92BDD888EFBB}
		{713A4C59-AF63-44A3-A6FF-D8004B75D122} = {20BBCDE7-EFBF-4842-B8A9-92BDD888EFBB}
		{00FCEDC0-2173-4C14-8D5F-A1F783A5FDB5} = {6675DA59-8114-4D00-A5AE-5EE75B3B0156}
		{B2F7A63D-F3F0-4190-88E0-0A52BA4C0C4E} = {6675DA59-8114-4D00-A5AE-5EE75B3B0156}
		{ED41714D-FB55-4176-A11E-2DBB18510468} = {6675DA59-8114-4D00-A5AE-5EE75B3B0156}
		{9631EE72-CB8C-4F2D-952F-EA264610E288} = {6675DA59-8114-4D00-A5AE-5EE75B3B0156}
		{26259D6C-246C-4CFD-942A-844642603C7F} = {D979AB57-0EB6-47B5-9814-786E6FDBB975}
	EndGlobalSection
	GlobalSection(ExtensibilityGlobals) = postSolution
		SolutionGuid = {DD58C245-52C7-4701-B042-6BD9BF57DA6F}
	EndGlobalSection
EndGlobal
